
Microsoft Visual Studio Solution File, Format Version 12.00
# Visual Studio Version 16
VisualStudioVersion = 16.0.31702.278
MinimumVisualStudioVersion = 10.0.40219.1
Project("{FAE04EC0-301F-11D3-BF4B-00C04F79EFBC}") = "Shapes", "Shapes\Shapes.csproj", "{EB3843B3-91FD-492B-AFD5-0D4E912FE311}"
EndProject
Project("{FAE04EC0-301F-11D3-BF4B-00C04F79EFBC}") = "TestShapes", "TestShapes\TestShapes.csproj", "{EF4CB1E7-E3DD-4EFC-8EE4-F28D3B5410B9}"
EndProject
Global
	GlobalSection(SolutionConfigurationPlatforms) = preSolution
		Debug|Any CPU = Debug|Any CPU
		Release|Any CPU = Release|Any CPU
	EndGlobalSection
	GlobalSection(ProjectConfigurationPlatforms) = postSolution
		{EB3843B3-91FD-492B-AFD5-0D4E912FE311}.Debug|Any CPU.ActiveCfg = Debug|Any CPU
		{EB3843B3-91FD-492B-AFD5-0D4E912FE311}.Debug|Any CPU.Build.0 = Debug|Any CPU
		{EB3843B3-91FD-492B-AFD5-0D4E912FE311}.Release|Any CPU.ActiveCfg = Release|Any CPU
		{EB3843B3-91FD-492B-AFD5-0D4E912FE311}.Release|Any CPU.Build.0 = Release|Any CPU
		{EF4CB1E7-E3DD-4EFC-8EE4-F28D3B5410B9}.Debug|Any CPU.ActiveCfg = Debug|Any CPU
		{EF4CB1E7-E3DD-4EFC-8EE4-F28D3B5410B9}.Debug|Any CPU.Build.0 = Debug|Any CPU
		{EF4CB1E7-E3DD-4EFC-8EE4-F28D3B5410B9}.Release|Any CPU.ActiveCfg = Release|Any CPU
		{EF4CB1E7-E3DD-4EFC-8EE4-F28D3B5410B9}.Release|Any CPU.Build.0 = Release|Any CPU
	EndGlobalSection
	GlobalSection(SolutionProperties) = preSolution
		HideSolutionNode = FALSE
	EndGlobalSection
	GlobalSection(ExtensibilityGlobals) = postSolution
		SolutionGuid = {9BF38B0E-1E0A-4AD3-99F4-7FE35A9E9D92}
	EndGlobalSection
EndGlobal
